// !$*UTF8*$!
{
	archiveVersion = 1;
	classes = {
	};
	objectVersion = 46;
	objects = {

/* Begin PBXBuildFile section */
		2CA3BA371B77ECF300E04DCC /* AppDelegate.swift in Sources */ = {isa = PBXBuildFile; fileRef = 2CA3BA361B77ECF300E04DCC /* AppDelegate.swift */; };
		2CA3BA391B77ECF300E04DCC /* ViewController.swift in Sources */ = {isa = PBXBuildFile; fileRef = 2CA3BA381B77ECF300E04DCC /* ViewController.swift */; };
		2CA3BA3C1B77ECF300E04DCC /* Main.storyboard in Resources */ = {isa = PBXBuildFile; fileRef = 2CA3BA3A1B77ECF300E04DCC /* Main.storyboard */; };
		2CA3BA3E1B77ECF300E04DCC /* Images.xcassets in Resources */ = {isa = PBXBuildFile; fileRef = 2CA3BA3D1B77ECF300E04DCC /* Images.xcassets */; };
		2CA3BA411B77ECF300E04DCC /* LaunchScreen.xib in Resources */ = {isa = PBXBuildFile; fileRef = 2CA3BA3F1B77ECF300E04DCC /* LaunchScreen.xib */; };
		2CA3BA4D1B77ECF400E04DCC /* lotusTests.swift in Sources */ = {isa = PBXBuildFile; fileRef = 2CA3BA4C1B77ECF400E04DCC /* lotusTests.swift */; };
		2CE913861B781634008FCCE4 /* ViewController_Profile.swift in Sources */ = {isa = PBXBuildFile; fileRef = 2CE913851B781634008FCCE4 /* ViewController_Profile.swift */; };
		2CE913881B781648008FCCE4 /* ViewController_Sync.swift in Sources */ = {isa = PBXBuildFile; fileRef = 2CE913871B781648008FCCE4 /* ViewController_Sync.swift */; };
		2CE9138A1B78165A008FCCE4 /* ViewController_Login.swift in Sources */ = {isa = PBXBuildFile; fileRef = 2CE913891B78165A008FCCE4 /* ViewController_Login.swift */; };
		2CE9138C1B781FDD008FCCE4 /* global.swift in Sources */ = {isa = PBXBuildFile; fileRef = 2CE9138B1B781FDD008FCCE4 /* global.swift */; };
		2CE9138E1B792A05008FCCE4 /* profile_background.jpg in Resources */ = {isa = PBXBuildFile; fileRef = 2CE9138D1B792A05008FCCE4 /* profile_background.jpg */; };
/* End PBXBuildFile section */

/* Begin PBXContainerItemProxy section */
		2CA3BA471B77ECF400E04DCC /* PBXContainerItemProxy */ = {
			isa = PBXContainerItemProxy;
			containerPortal = 2CA3BA291B77ECF300E04DCC /* Project object */;
			proxyType = 1;
			remoteGlobalIDString = 2CA3BA301B77ECF300E04DCC;
			remoteInfo = lotus;
		};
/* End PBXContainerItemProxy section */

/* Begin PBXFileReference section */
		2CA3BA311B77ECF300E04DCC /* lotus.app */ = {isa = PBXFileReference; explicitFileType = wrapper.application; includeInIndex = 0; path = lotus.app; sourceTree = BUILT_PRODUCTS_DIR; };
		2CA3BA351B77ECF300E04DCC /* Info.plist */ = {isa = PBXFileReference; lastKnownFileType = text.plist.xml; path = Info.plist; sourceTree = "<group>"; };
		2CA3BA361B77ECF300E04DCC /* AppDelegate.swift */ = {isa = PBXFileReference; lastKnownFileType = sourcecode.swift; path = AppDelegate.swift; sourceTree = "<group>"; };
		2CA3BA381B77ECF300E04DCC /* ViewController.swift */ = {isa = PBXFileReference; lastKnownFileType = sourcecode.swift; path = ViewController.swift; sourceTree = "<group>"; };
		2CA3BA3B1B77ECF300E04DCC /* Base */ = {isa = PBXFileReference; lastKnownFileType = file.storyboard; name = Base; path = Base.lproj/Main.storyboard; sourceTree = "<group>"; };
		2CA3BA3D1B77ECF300E04DCC /* Images.xcassets */ = {isa = PBXFileReference; lastKnownFileType = folder.assetcatalog; path = Images.xcassets; sourceTree = "<group>"; };
		2CA3BA401B77ECF300E04DCC /* Base */ = {isa = PBXFileReference; lastKnownFileType = file.xib; name = Base; path = Base.lproj/LaunchScreen.xib; sourceTree = "<group>"; };
		2CA3BA461B77ECF400E04DCC /* lotusTests.xctest */ = {isa = PBXFileReference; explicitFileType = wrapper.cfbundle; includeInIndex = 0; path = lotusTests.xctest; sourceTree = BUILT_PRODUCTS_DIR; };
		2CA3BA4B1B77ECF400E04DCC /* Info.plist */ = {isa = PBXFileReference; lastKnownFileType = text.plist.xml; path = Info.plist; sourceTree = "<group>"; };
		2CA3BA4C1B77ECF400E04DCC /* lotusTests.swift */ = {isa = PBXFileReference; lastKnownFileType = sourcecode.swift; path = lotusTests.swift; sourceTree = "<group>"; };
		2CE913851B781634008FCCE4 /* ViewController_Profile.swift */ = {isa = PBXFileReference; fileEncoding = 4; lastKnownFileType = sourcecode.swift; path = ViewController_Profile.swift; sourceTree = "<group>"; };
		2CE913871B781648008FCCE4 /* ViewController_Sync.swift */ = {isa = PBXFileReference; fileEncoding = 4; lastKnownFileType = sourcecode.swift; path = ViewController_Sync.swift; sourceTree = "<group>"; };
		2CE913891B78165A008FCCE4 /* ViewController_Login.swift */ = {isa = PBXFileReference; fileEncoding = 4; lastKnownFileType = sourcecode.swift; path = ViewController_Login.swift; sourceTree = "<group>"; };
		2CE9138B1B781FDD008FCCE4 /* global.swift */ = {isa = PBXFileReference; fileEncoding = 4; lastKnownFileType = sourcecode.swift; path = global.swift; sourceTree = "<group>"; };
		2CE9138D1B792A05008FCCE4 /* profile_background.jpg */ = {isa = PBXFileReference; lastKnownFileType = image.jpeg; path = profile_background.jpg; sourceTree = "<group>"; };
/* End PBXFileReference section */

/* Begin PBXFrameworksBuildPhase section */
		2CA3BA2E1B77ECF300E04DCC /* Frameworks */ = {
			isa = PBXFrameworksBuildPhase;
			buildActionMask = 2147483647;
			files = (
			);
			runOnlyForDeploymentPostprocessing = 0;
		};
		2CA3BA431B77ECF400E04DCC /* Frameworks */ = {
			isa = PBXFrameworksBuildPhase;
			buildActionMask = 2147483647;
			files = (
			);
			runOnlyForDeploymentPostprocessing = 0;
		};
/* End PBXFrameworksBuildPhase section */

/* Begin PBXGroup section */
		2CA3BA281B77ECF300E04DCC = {
			isa = PBXGroup;
			children = (
				2CA3BA331B77ECF300E04DCC /* lotus */,
				2CA3BA491B77ECF400E04DCC /* lotusTests */,
				2CA3BA321B77ECF300E04DCC /* Products */,
			);
			sourceTree = "<group>";
		};
		2CA3BA321B77ECF300E04DCC /* Products */ = {
			isa = PBXGroup;
			children = (
				2CA3BA311B77ECF300E04DCC /* lotus.app */,
				2CA3BA461B77ECF400E04DCC /* lotusTests.xctest */,
			);
			name = Products;
			sourceTree = "<group>";
		};
		2CA3BA331B77ECF300E04DCC /* lotus */ = {
			isa = PBXGroup;
			children = (
				2CA3BA361B77ECF300E04DCC /* AppDelegate.swift */,
				2CA3BA381B77ECF300E04DCC /* ViewController.swift */,
				2CA3BA3A1B77ECF300E04DCC /* Main.storyboard */,
				2CA3BA3D1B77ECF300E04DCC /* Images.xcassets */,
				2CA3BA3F1B77ECF300E04DCC /* LaunchScreen.xib */,
				2CA3BA341B77ECF300E04DCC /* Supporting Files */,
				2CE913851B781634008FCCE4 /* ViewController_Profile.swift */,
				2CE913871B781648008FCCE4 /* ViewController_Sync.swift */,
				2CE913891B78165A008FCCE4 /* ViewController_Login.swift */,
				2CE9138B1B781FDD008FCCE4 /* global.swift */,
			);
			path = lotus;
			sourceTree = "<group>";
		};
		2CA3BA341B77ECF300E04DCC /* Supporting Files */ = {
			isa = PBXGroup;
			children = (
				2CE9138D1B792A05008FCCE4 /* profile_background.jpg */,
				2CA3BA351B77ECF300E04DCC /* Info.plist */,
			);
			name = "Supporting Files";
			sourceTree = "<group>";
		};
		2CA3BA491B77ECF400E04DCC /* lotusTests */ = {
			isa = PBXGroup;
			children = (
				2CA3BA4C1B77ECF400E04DCC /* lotusTests.swift */,
				2CA3BA4A1B77ECF400E04DCC /* Supporting Files */,
			);
			path = lotusTests;
			sourceTree = "<group>";
		};
		2CA3BA4A1B77ECF400E04DCC /* Supporting Files */ = {
			isa = PBXGroup;
			children = (
				2CA3BA4B1B77ECF400E04DCC /* Info.plist */,
			);
			name = "Supporting Files";
			sourceTree = "<group>";
		};
/* End PBXGroup section */

/* Begin PBXNativeTarget section */
		2CA3BA301B77ECF300E04DCC /* lotus */ = {
			isa = PBXNativeTarget;
			buildConfigurationList = 2CA3BA501B77ECF400E04DCC /* Build configuration list for PBXNativeTarget "lotus" */;
			buildPhases = (
				2CA3BA2D1B77ECF300E04DCC /* Sources */,
				2CA3BA2E1B77ECF300E04DCC /* Frameworks */,
				2CA3BA2F1B77ECF300E04DCC /* Resources */,
			);
			buildRules = (
			);
			dependencies = (
			);
			name = lotus;
			productName = lotus;
			productReference = 2CA3BA311B77ECF300E04DCC /* lotus.app */;
			productType = "com.apple.product-type.application";
		};
		2CA3BA451B77ECF400E04DCC /* lotusTests */ = {
			isa = PBXNativeTarget;
			buildConfigurationList = 2CA3BA531B77ECF400E04DCC /* Build configuration list for PBXNativeTarget "lotusTests" */;
			buildPhases = (
				2CA3BA421B77ECF400E04DCC /* Sources */,
				2CA3BA431B77ECF400E04DCC /* Frameworks */,
				2CA3BA441B77ECF400E04DCC /* Resources */,
			);
			buildRules = (
			);
			dependencies = (
				2CA3BA481B77ECF400E04DCC /* PBXTargetDependency */,
			);
			name = lotusTests;
			productName = lotusTests;
			productReference = 2CA3BA461B77ECF400E04DCC /* lotusTests.xctest */;
			productType = "com.apple.product-type.bundle.unit-test";
		};
/* End PBXNativeTarget section */

/* Begin PBXProject section */
		2CA3BA291B77ECF300E04DCC /* Project object */ = {
			isa = PBXProject;
			attributes = {
				LastUpgradeCheck = 0640;
				TargetAttributes = {
					2CA3BA301B77ECF300E04DCC = {
						CreatedOnToolsVersion = 6.4;
					};
					2CA3BA451B77ECF400E04DCC = {
						CreatedOnToolsVersion = 6.4;
						TestTargetID = 2CA3BA301B77ECF300E04DCC;
					};
				};
			};
			buildConfigurationList = 2CA3BA2C1B77ECF300E04DCC /* Build configuration list for PBXProject "lotus" */;
			compatibilityVersion = "Xcode 3.2";
			developmentRegion = English;
			hasScannedForEncodings = 0;
			knownRegions = (
				en,
				Base,
			);
			mainGroup = 2CA3BA281B77ECF300E04DCC;
			productRefGroup = 2CA3BA321B77ECF300E04DCC /* Products */;
			projectDirPath = "";
			projectRoot = "";
			targets = (
				2CA3BA301B77ECF300E04DCC /* lotus */,
				2CA3BA451B77ECF400E04DCC /* lotusTests */,
			);
		};
/* End PBXProject section */

/* Begin PBXResourcesBuildPhase section */
		2CA3BA2F1B77ECF300E04DCC /* Resources */ = {
			isa = PBXResourcesBuildPhase;
			buildActionMask = 2147483647;
			files = (
				2CA3BA3C1B77ECF300E04DCC /* Main.storyboard in Resources */,
				2CE9138E1B792A05008FCCE4 /* profile_background.jpg in Resources */,
				2CA3BA411B77ECF300E04DCC /* LaunchScreen.xib in Resources */,
				2CA3BA3E1B77ECF300E04DCC /* Images.xcassets in Resources */,
			);
			runOnlyForDeploymentPostprocessing = 0;
		};
		2CA3BA441B77ECF400E04DCC /* Resources */ = {
			isa = PBXResourcesBuildPhase;
			buildActionMask = 2147483647;
			files = (
			);
			runOnlyForDeploymentPostprocessing = 0;
		};
/* End PBXResourcesBuildPhase section */

/* Begin PBXSourcesBuildPhase section */
		2CA3BA2D1B77ECF300E04DCC /* Sources */ = {
			isa = PBXSourcesBuildPhase;
			buildActionMask = 2147483647;
			files = (
				2CE9138C1B781FDD008FCCE4 /* global.swift in Sources */,
				2CA3BA391B77ECF300E04DCC /* ViewController.swift in Sources */,
				2CA3BA371B77ECF300E04DCC /* AppDelegate.swift in Sources */,
				2CE9138A1B78165A008FCCE4 /* ViewController_Login.swift in Sources */,
				2CE913861B781634008FCCE4 /* ViewController_Profile.swift in Sources */,
				2CE913881B781648008FCCE4 /* ViewController_Sync.swift in Sources */,
			);
			runOnlyForDeploymentPostprocessing = 0;
		};
		2CA3BA421B77ECF400E04DCC /* Sources */ = {
			isa = PBXSourcesBuildPhase;
			buildActionMask = 2147483647;
			files = (
				2CA3BA4D1B77ECF400E04DCC /* lotusTests.swift in Sources */,
			);
			runOnlyForDeploymentPostprocessing = 0;
		};
/* End PBXSourcesBuildPhase section */

/* Begin PBXTargetDependency section */
		2CA3BA481B77ECF400E04DCC /* PBXTargetDependency */ = {
			isa = PBXTargetDependency;
			target = 2CA3BA301B77ECF300E04DCC /* lotus */;
			targetProxy = 2CA3BA471B77ECF400E04DCC /* PBXContainerItemProxy */;
		};
/* End PBXTargetDependency section */

/* Begin PBXVariantGroup section */
		2CA3BA3A1B77ECF300E04DCC /* Main.storyboard */ = {
			isa = PBXVariantGroup;
			children = (
				2CA3BA3B1B77ECF300E04DCC /* Base */,
			);
			name = Main.storyboard;
			sourceTree = "<group>";
		};
		2CA3BA3F1B77ECF300E04DCC /* LaunchScreen.xib */ = {
			isa = PBXVariantGroup;
			children = (
				2CA3BA401B77ECF300E04DCC /* Base */,
			);
			name = LaunchScreen.xib;
			sourceTree = "<group>";
		};
/* End PBXVariantGroup section */

/* Begin XCBuildConfiguration section */
		2CA3BA4E1B77ECF400E04DCC /* Debug */ = {
			isa = XCBuildConfiguration;
			buildSettings = {
				ALWAYS_SEARCH_USER_PATHS = NO;
				CLANG_CXX_LANGUAGE_STANDARD = "gnu++0x";
				CLANG_CXX_LIBRARY = "libc++";
				CLANG_ENABLE_MODULES = YES;
				CLANG_ENABLE_OBJC_ARC = YES;
				CLANG_WARN_BOOL_CONVERSION = YES;
				CLANG_WARN_CONSTANT_CONVERSION = YES;
				CLANG_WARN_DIRECT_OBJC_ISA_USAGE = YES_ERROR;
				CLANG_WARN_EMPTY_BODY = YES;
				CLANG_WARN_ENUM_CONVERSION = YES;
				CLANG_WARN_INT_CONVERSION = YES;
				CLANG_WARN_OBJC_ROOT_CLASS = YES_ERROR;
				CLANG_WARN_UNREACHABLE_CODE = YES;
				CLANG_WARN__DUPLICATE_METHOD_MATCH = YES;
				"CODE_SIGN_IDENTITY[sdk=iphoneos*]" = "iPhone Developer";
				COPY_PHASE_STRIP = NO;
				DEBUG_INFORMATION_FORMAT = "dwarf-with-dsym";
				ENABLE_STRICT_OBJC_MSGSEND = YES;
				GCC_C_LANGUAGE_STANDARD = gnu99;
				GCC_DYNAMIC_NO_PIC = NO;
				GCC_NO_COMMON_BLOCKS = YES;
				GCC_OPTIMIZATION_LEVEL = 0;
				GCC_PREPROCESSOR_DEFINITIONS = (
					"DEBUG=1",
					"$(inherited)",
				);
				GCC_SYMBOLS_PRIVATE_EXTERN = NO;
				GCC_WARN_64_TO_32_BIT_CONVERSION = YES;
				GCC_WARN_ABOUT_RETURN_TYPE = YES_ERROR;
				GCC_WARN_UNDECLARED_SELECTOR = YES;
				GCC_WARN_UNINITIALIZED_AUTOS = YES_AGGRESSIVE;
				GCC_WARN_UNUSED_FUNCTION = YES;
				GCC_WARN_UNUSED_VARIABLE = YES;
				IPHONEOS_DEPLOYMENT_TARGET = 8.4;
				MTL_ENABLE_DEBUG_INFO = YES;
				ONLY_ACTIVE_ARCH = YES;
				SDKROOT = iphoneos;
				SWIFT_OPTIMIZATION_LEVEL = "-Onone";
				TARGETED_DEVICE_FAMILY = "1,2";
			};
			name = Debug;
		};
		2CA3BA4F1B77ECF400E04DCC /* Release */ = {
			isa = XCBuildConfiguration;
			buildSettings = {
				ALWAYS_SEARCH_USER_PATHS = NO;
				CLANG_CXX_LANGUAGE_STANDARD = "gnu++0x";
				CLANG_CXX_LIBRARY = "libc++";
				CLANG_ENABLE_MODULES = YES;
				CLANG_ENABLE_OBJC_ARC = YES;
				CLANG_WARN_BOOL_CONVERSION = YES;
				CLANG_WARN_CONSTANT_CONVERSION = YES;
				CLANG_WARN_DIRECT_OBJC_ISA_USAGE = YES_ERROR;
				CLANG_WARN_EMPTY_BODY = YES;
				CLANG_WARN_ENUM_CONVERSION = YES;
				CLANG_WARN_INT_CONVERSION = YES;
				CLANG_WARN_OBJC_ROOT_CLASS = YES_ERROR;
				CLANG_WARN_UNREACHABLE_CODE = YES;
				CLANG_WARN__DUPLICATE_METHOD_MATCH = YES;
				"CODE_SIGN_IDENTITY[sdk=iphoneos*]" = "iPhone Developer";
				COPY_PHASE_STRIP = NO;
				DEBUG_INFORMATION_FORMAT = "dwarf-with-dsym";
				ENABLE_NS_ASSERTIONS = NO;
				ENABLE_STRICT_OBJC_MSGSEND = YES;
				GCC_C_LANGUAGE_STANDARD = gnu99;
				GCC_NO_COMMON_BLOCKS = YES;
				GCC_WARN_64_TO_32_BIT_CONVERSION = YES;
				GCC_WARN_ABOUT_RETURN_TYPE = YES_ERROR;
				GCC_WARN_UNDECLARED_SELECTOR = YES;
				GCC_WARN_UNINITIALIZED_AUTOS = YES_AGGRESSIVE;
				GCC_WARN_UNUSED_FUNCTION = YES;
				GCC_WARN_UNUSED_VARIABLE = YES;
				IPHONEOS_DEPLOYMENT_TARGET = 8.4;
				MTL_ENABLE_DEBUG_INFO = NO;
				SDKROOT = iphoneos;
				TARGETED_DEVICE_FAMILY = "1,2";
				VALIDATE_PRODUCT = YES;
			};
			name = Release;
		};
		2CA3BA511B77ECF400E04DCC /* Debug */ = {
			isa = XCBuildConfiguration;
			buildSettings = {
				ASSETCATALOG_COMPILER_APPICON_NAME = AppIcon;
				INFOPLIST_FILE = lotus/Info.plist;
				LD_RUNPATH_SEARCH_PATHS = "$(inherited) @executable_path/Frameworks";
				PRODUCT_NAME = "$(TARGET_NAME)";
			};
			name = Debug;
		};
		2CA3BA521B77ECF400E04DCC /* Release */ = {
			isa = XCBuildConfiguration;
			buildSettings = {
				ASSETCATALOG_COMPILER_APPICON_NAME = AppIcon;
				INFOPLIST_FILE = lotus/Info.plist;
				LD_RUNPATH_SEARCH_PATHS = "$(inherited) @executable_path/Frameworks";
				PRODUCT_NAME = "$(TARGET_NAME)";
			};
			name = Release;
		};
		2CA3BA541B77ECF400E04DCC /* Debug */ = {
			isa = XCBuildConfiguration;
			buildSettings = {
				BUNDLE_LOADER = "$(TEST_HOST)";
				FRAMEWORK_SEARCH_PATHS = (
					"$(SDKROOT)/Developer/Library/Frameworks",
					"$(inherited)",
				);
				GCC_PREPROCESSOR_DEFINITIONS = (
					"DEBUG=1",
					"$(inherited)",
				);
				INFOPLIST_FILE = lotusTests/Info.plist;
				LD_RUNPATH_SEARCH_PATHS = "$(inherited) @executable_path/Frameworks @loader_path/Frameworks";
				PRODUCT_NAME = "$(TARGET_NAME)";
				TEST_HOST = "$(BUILT_PRODUCTS_DIR)/lotus.app/lotus";
			};
			name = Debug;
		};
		2CA3BA551B77ECF400E04DCC /* Release */ = {
			isa = XCBuildConfiguration;
			buildSettings = {
				BUNDLE_LOADER = "$(TEST_HOST)";
				FRAMEWORK_SEARCH_PATHS = (
					"$(SDKROOT)/Developer/Library/Frameworks",
					"$(inherited)",
				);
				INFOPLIST_FILE = lotusTests/Info.plist;
				LD_RUNPATH_SEARCH_PATHS = "$(inherited) @executable_path/Frameworks @loader_path/Frameworks";
				PRODUCT_NAME = "$(TARGET_NAME)";
				TEST_HOST = "$(BUILT_PRODUCTS_DIR)/lotus.app/lotus";
			};
			name = Release;
		};
/* End XCBuildConfiguration section */

/* Begin XCConfigurationList section */
		2CA3BA2C1B77ECF300E04DCC /* Build configuration list for PBXProject "lotus" */ = {
			isa = XCConfigurationList;
			buildConfigurations = (
				2CA3BA4E1B77ECF400E04DCC /* Debug */,
				2CA3BA4F1B77ECF400E04DCC /* Release */,
			);
			defaultConfigurationIsVisible = 0;
			defaultConfigurationName = Release;
		};
		2CA3BA501B77ECF400E04DCC /* Build configuration list for PBXNativeTarget "lotus" */ = {
			isa = XCConfigurationList;
			buildConfigurations = (
				2CA3BA511B77ECF400E04DCC /* Debug */,
				2CA3BA521B77ECF400E04DCC /* Release */,
			);
			defaultConfigurationIsVisible = 0;
			defaultConfigurationName = Release;
		};
		2CA3BA531B77ECF400E04DCC /* Build configuration list for PBXNativeTarget "lotusTests" */ = {
			isa = XCConfigurationList;
			buildConfigurations = (
				2CA3BA541B77ECF400E04DCC /* Debug */,
				2CA3BA551B77ECF400E04DCC /* Release */,
			);
			defaultConfigurationIsVisible = 0;
			defaultConfigurationName = Release;
		};
/* End XCConfigurationList section */
	};
	rootObject = 2CA3BA291B77ECF300E04DCC /* Project object */;
}
